
Microsoft Visual Studio Solution File, Format Version 12.00
# Visual Studio Version 17
VisualStudioVersion = 17.0.31903.59
MinimumVisualStudioVersion = 10.0.40219.1
Project("{FAE04EC0-301F-11D3-BF4B-00C04F79EFBC}") = "BarCode", "BarCode.csproj", "{6AB226BB-2E67-4CC7-9A13-CE46681B0588}"
EndProject
Global
	GlobalSection(SolutionConfigurationPlatforms) = preSolution
		Debug|Any CPU = Debug|Any CPU
		Release|Any CPU = Release|Any CPU
	EndGlobalSection
	GlobalSection(ProjectConfigurationPlatforms) = postSolution
		{6AB226BB-2E67-4CC7-9A13-CE46681B0588}.Debug|Any CPU.ActiveCfg = Debug|Any CPU
		{6AB226BB-2E67-4CC7-9A13-CE46681B0588}.Debug|Any CPU.Build.0 = Debug|Any CPU
		{6AB226BB-2E67-4CC7-9A13-CE46681B0588}.Release|Any CPU.ActiveCfg = Release|Any CPU
		{6AB226BB-2E67-4CC7-9A13-CE46681B0588}.Release|Any CPU.Build.0 = Release|Any CPU
	EndGlobalSection
	GlobalSection(SolutionProperties) = preSolution
		HideSolutionNode = FALSE
	EndGlobalSection
	GlobalSection(ExtensibilityGlobals) = postSolution
		SolutionGuid = {D6C5FEF8-D780-4B2B-8310-0C90CAE8CF00}
	EndGlobalSection
EndGlobal
